{
  "name": "terrangafood-PKMDK",
  "lockfileVersion": 3,
  "requires": true,
  "packages": {
    "": {
      "dependencies": {
        "mongobd": "^0.0.1-security.0"
      }
    },
    "node_modules/mongobd": {
      "version": "0.0.1-security.0",
      "resolved": "https://registry.npmjs.org/mongobd/-/mongobd-0.0.1-security.0.tgz",
      "integrity": "sha512-dsz5Ebvq99wMFAd+b0A40Er/PHNPa9aa5+nlr3QNcAXnd9g3FWVCFKd5TXyWgLafOboVBgShxp/K/CTb8zerhQ=="
    }
  }
}
